
Microsoft Visual Studio Solution File, Format Version 12.00
# Visual Studio Version 17
VisualStudioVersion = 17.2.32630.192
MinimumVisualStudioVersion = 10.0.40219.1
Project("{FAE04EC0-301F-11D3-BF4B-00C04F79EFBC}") = "DemoCICD", "DemoCICD\DemoCICD.csproj", "{EA290B7E-ACB2-4C56-8912-3485CF63E046}"
EndProject
Global
	GlobalSection(SolutionConfigurationPlatforms) = preSolution
		Debug|Any CPU = Debug|Any CPU
		Release|Any CPU = Release|Any CPU
	EndGlobalSection
	GlobalSection(ProjectConfigurationPlatforms) = postSolution
		{EA290B7E-ACB2-4C56-8912-3485CF63E046}.Debug|Any CPU.ActiveCfg = Debug|Any CPU
		{EA290B7E-ACB2-4C56-8912-3485CF63E046}.Debug|Any CPU.Build.0 = Debug|Any CPU
		{EA290B7E-ACB2-4C56-8912-3485CF63E046}.Release|Any CPU.ActiveCfg = Release|Any CPU
		{EA290B7E-ACB2-4C56-8912-3485CF63E046}.Release|Any CPU.Build.0 = Release|Any CPU
	EndGlobalSection
	GlobalSection(SolutionProperties) = preSolution
		HideSolutionNode = FALSE
	EndGlobalSection
	GlobalSection(ExtensibilityGlobals) = postSolution
		SolutionGuid = {B0DAB6A1-998B-4654-8911-6D0C0F6054A2}
	EndGlobalSection
EndGlobal
