
Microsoft Visual Studio Solution File, Format Version 12.00
# Visual Studio Version 17
VisualStudioVersion = 17.2.32630.192
MinimumVisualStudioVersion = 10.0.40219.1
Project("{9A19103F-16F7-4668-BE54-9A1E7A4F7556}") = "DemoCICD", "DemoCICD\DemoCICD.csproj", "{EA290B7E-ACB2-4C56-8912-3485CF63E046}"
EndProject
Project("{FAE04EC0-301F-11D3-BF4B-00C04F79EFBC}") = "DemoMain", "DemoMain\DemoMain.csproj", "{C52ABF32-814B-4B39-8708-E4BB15323B83}"
EndProject
Project("{FAE04EC0-301F-11D3-BF4B-00C04F79EFBC}") = "TestCounter", "TestCounter\TestCounter.csproj", "{FFF26DDF-E38F-42DA-B92C-F9B4948941C1}"
EndProject
Global
	GlobalSection(SolutionConfigurationPlatforms) = preSolution
		Debug|Any CPU = Debug|Any CPU
		Release|Any CPU = Release|Any CPU
	EndGlobalSection
	GlobalSection(ProjectConfigurationPlatforms) = postSolution
		{EA290B7E-ACB2-4C56-8912-3485CF63E046}.Debug|Any CPU.ActiveCfg = Debug|Any CPU
		{EA290B7E-ACB2-4C56-8912-3485CF63E046}.Debug|Any CPU.Build.0 = Debug|Any CPU
		{EA290B7E-ACB2-4C56-8912-3485CF63E046}.Release|Any CPU.ActiveCfg = Release|Any CPU
		{EA290B7E-ACB2-4C56-8912-3485CF63E046}.Release|Any CPU.Build.0 = Release|Any CPU
		{C52ABF32-814B-4B39-8708-E4BB15323B83}.Debug|Any CPU.ActiveCfg = Debug|Any CPU
		{C52ABF32-814B-4B39-8708-E4BB15323B83}.Debug|Any CPU.Build.0 = Debug|Any CPU
		{C52ABF32-814B-4B39-8708-E4BB15323B83}.Release|Any CPU.ActiveCfg = Release|Any CPU
		{C52ABF32-814B-4B39-8708-E4BB15323B83}.Release|Any CPU.Build.0 = Release|Any CPU
		{FFF26DDF-E38F-42DA-B92C-F9B4948941C1}.Debug|Any CPU.ActiveCfg = Debug|Any CPU
		{FFF26DDF-E38F-42DA-B92C-F9B4948941C1}.Debug|Any CPU.Build.0 = Debug|Any CPU
		{FFF26DDF-E38F-42DA-B92C-F9B4948941C1}.Release|Any CPU.ActiveCfg = Release|Any CPU
		{FFF26DDF-E38F-42DA-B92C-F9B4948941C1}.Release|Any CPU.Build.0 = Release|Any CPU
	EndGlobalSection
	GlobalSection(SolutionProperties) = preSolution
		HideSolutionNode = FALSE
	EndGlobalSection
	GlobalSection(ExtensibilityGlobals) = postSolution
		SolutionGuid = {B0DAB6A1-998B-4654-8911-6D0C0F6054A2}
	EndGlobalSection
EndGlobal
